// !$*UTF8*$!
{
	archiveVersion = 1;
	classes = {
	};
	objectVersion = 46;
	objects = {

/* Begin PBXBuildFile section */
		BE8200B31D79DBC3000A4FB5 /* SoundViewController.swift in Sources */ = {isa = PBXBuildFile; fileRef = BE8200B21D79DBC3000A4FB5 /* SoundViewController.swift */; };
		BEC360F21D78E6C8000A4E2A /* AppDelegate.swift in Sources */ = {isa = PBXBuildFile; fileRef = BEC360F11D78E6C8000A4E2A /* AppDelegate.swift */; };
		BEC360F41D78E6C8000A4E2A /* ViewController.swift in Sources */ = {isa = PBXBuildFile; fileRef = BEC360F31D78E6C8000A4E2A /* ViewController.swift */; };
		BEC360F71D78E6C8000A4E2A /* Main.storyboard in Resources */ = {isa = PBXBuildFile; fileRef = BEC360F51D78E6C8000A4E2A /* Main.storyboard */; };
		BEC360FA1D78E6C9000A4E2A /* SoundBoard.xcdatamodeld in Sources */ = {isa = PBXBuildFile; fileRef = BEC360F81D78E6C9000A4E2A /* SoundBoard.xcdatamodeld */; };
		BEC360FC1D78E6C9000A4E2A /* Assets.xcassets in Resources */ = {isa = PBXBuildFile; fileRef = BEC360FB1D78E6C9000A4E2A /* Assets.xcassets */; };
		BEC360FF1D78E6C9000A4E2A /* LaunchScreen.storyboard in Resources */ = {isa = PBXBuildFile; fileRef = BEC360FD1D78E6C9000A4E2A /* LaunchScreen.storyboard */; };
/* End PBXBuildFile section */

/* Begin PBXFileReference section */
		BE8200B21D79DBC3000A4FB5 /* SoundViewController.swift */ = {isa = PBXFileReference; fileEncoding = 4; lastKnownFileType = sourcecode.swift; path = SoundViewController.swift; sourceTree = "<group>"; };
		BEC360EE1D78E6C8000A4E2A /* SoundBoard.app */ = {isa = PBXFileReference; explicitFileType = wrapper.application; includeInIndex = 0; path = SoundBoard.app; sourceTree = BUILT_PRODUCTS_DIR; };
		BEC360F11D78E6C8000A4E2A /* AppDelegate.swift */ = {isa = PBXFileReference; lastKnownFileType = sourcecode.swift; path = AppDelegate.swift; sourceTree = "<group>"; };
		BEC360F31D78E6C8000A4E2A /* ViewController.swift */ = {isa = PBXFileReference; lastKnownFileType = sourcecode.swift; path = ViewController.swift; sourceTree = "<group>"; };
		BEC360F61D78E6C8000A4E2A /* Base */ = {isa = PBXFileReference; lastKnownFileType = file.storyboard; name = Base; path = Base.lproj/Main.storyboard; sourceTree = "<group>"; };
		BEC360F91D78E6C9000A4E2A /* SoundBoard.xcdatamodel */ = {isa = PBXFileReference; lastKnownFileType = wrapper.xcdatamodel; path = SoundBoard.xcdatamodel; sourceTree = "<group>"; };
		BEC360FB1D78E6C9000A4E2A /* Assets.xcassets */ = {isa = PBXFileReference; lastKnownFileType = folder.assetcatalog; path = Assets.xcassets; sourceTree = "<group>"; };
		BEC360FE1D78E6C9000A4E2A /* Base */ = {isa = PBXFileReference; lastKnownFileType = file.storyboard; name = Base; path = Base.lproj/LaunchScreen.storyboard; sourceTree = "<group>"; };
		BEC361001D78E6C9000A4E2A /* Info.plist */ = {isa = PBXFileReference; lastKnownFileType = text.plist.xml; path = Info.plist; sourceTree = "<group>"; };
/* End PBXFileReference section */

/* Begin PBXFrameworksBuildPhase section */
		BEC360EB1D78E6C7000A4E2A /* Frameworks */ = {
			isa = PBXFrameworksBuildPhase;
			buildActionMask = 2147483647;
			files = (
			);
			runOnlyForDeploymentPostprocessing = 0;
		};
/* End PBXFrameworksBuildPhase section */

/* Begin PBXGroup section */
		BEC360E51D78E6C7000A4E2A = {
			isa = PBXGroup;
			children = (
				BEC360F01D78E6C8000A4E2A /* SoundBoard */,
				BEC360EF1D78E6C8000A4E2A /* Products */,
			);
			sourceTree = "<group>";
		};
		BEC360EF1D78E6C8000A4E2A /* Products */ = {
			isa = PBXGroup;
			children = (
				BEC360EE1D78E6C8000A4E2A /* SoundBoard.app */,
			);
			name = Products;
			sourceTree = "<group>";
		};
		BEC360F01D78E6C8000A4E2A /* SoundBoard */ = {
			isa = PBXGroup;
			children = (
				BEC360F11D78E6C8000A4E2A /* AppDelegate.swift */,
				BEC360F31D78E6C8000A4E2A /* ViewController.swift */,
				BE8200B21D79DBC3000A4FB5 /* SoundViewController.swift */,
				BEC360F51D78E6C8000A4E2A /* Main.storyboard */,
				BEC360FB1D78E6C9000A4E2A /* Assets.xcassets */,
				BEC360FD1D78E6C9000A4E2A /* LaunchScreen.storyboard */,
				BEC361001D78E6C9000A4E2A /* Info.plist */,
				BEC360F81D78E6C9000A4E2A /* SoundBoard.xcdatamodeld */,
			);
			path = SoundBoard;
			sourceTree = "<group>";
		};
/* End PBXGroup section */

/* Begin PBXNativeTarget section */
		BEC360ED1D78E6C7000A4E2A /* SoundBoard */ = {
			isa = PBXNativeTarget;
			buildConfigurationList = BEC361031D78E6C9000A4E2A /* Build configuration list for PBXNativeTarget "SoundBoard" */;
			buildPhases = (
				BEC360EA1D78E6C7000A4E2A /* Sources */,
				BEC360EB1D78E6C7000A4E2A /* Frameworks */,
				BEC360EC1D78E6C7000A4E2A /* Resources */,
			);
			buildRules = (
			);
			dependencies = (
			);
			name = SoundBoard;
			productName = SoundBoard;
			productReference = BEC360EE1D78E6C8000A4E2A /* SoundBoard.app */;
			productType = "com.apple.product-type.application";
		};
/* End PBXNativeTarget section */

/* Begin PBXProject section */
		BEC360E61D78E6C7000A4E2A /* Project object */ = {
			isa = PBXProject;
			attributes = {
				LastSwiftUpdateCheck = 0800;
				LastUpgradeCheck = 0800;
				ORGANIZATIONNAME = Lichtverbunden;
				TargetAttributes = {
					BEC360ED1D78E6C7000A4E2A = {
						CreatedOnToolsVersion = 8.0;
						ProvisioningStyle = Automatic;
					};
				};
			};
			buildConfigurationList = BEC360E91D78E6C7000A4E2A /* Build configuration list for PBXProject "SoundBoard" */;
			compatibilityVersion = "Xcode 3.2";
			developmentRegion = English;
			hasScannedForEncodings = 0;
			knownRegions = (
				en,
				Base,
			);
			mainGroup = BEC360E51D78E6C7000A4E2A;
			productRefGroup = BEC360EF1D78E6C8000A4E2A /* Products */;
			projectDirPath = "";
			projectRoot = "";
			targets = (
				BEC360ED1D78E6C7000A4E2A /* SoundBoard */,
			);
		};
/* End PBXProject section */

/* Begin PBXResourcesBuildPhase section */
		BEC360EC1D78E6C7000A4E2A /* Resources */ = {
			isa = PBXResourcesBuildPhase;
			buildActionMask = 2147483647;
			files = (
				BEC360FF1D78E6C9000A4E2A /* LaunchScreen.storyboard in Resources */,
				BEC360FC1D78E6C9000A4E2A /* Assets.xcassets in Resources */,
				BEC360F71D78E6C8000A4E2A /* Main.storyboard in Resources */,
			);
			runOnlyForDeploymentPostprocessing = 0;
		};
/* End PBXResourcesBuildPhase section */

/* Begin PBXSourcesBuildPhase section */
		BEC360EA1D78E6C7000A4E2A /* Sources */ = {
			isa = PBXSourcesBuildPhase;
			buildActionMask = 2147483647;
			files = (
				BE8200B31D79DBC3000A4FB5 /* SoundViewController.swift in Sources */,
				BEC360FA1D78E6C9000A4E2A /* SoundBoard.xcdatamodeld in Sources */,
				BEC360F41D78E6C8000A4E2A /* ViewController.swift in Sources */,
				BEC360F21D78E6C8000A4E2A /* AppDelegate.swift in Sources */,
			);
			runOnlyForDeploymentPostprocessing = 0;
		};
/* End PBXSourcesBuildPhase section */

/* Begin PBXVariantGroup section */
		BEC360F51D78E6C8000A4E2A /* Main.storyboard */ = {
			isa = PBXVariantGroup;
			children = (
				BEC360F61D78E6C8000A4E2A /* Base */,
			);
			name = Main.storyboard;
			sourceTree = "<group>";
		};
		BEC360FD1D78E6C9000A4E2A /* LaunchScreen.storyboard */ = {
			isa = PBXVariantGroup;
			children = (
				BEC360FE1D78E6C9000A4E2A /* Base */,
			);
			name = LaunchScreen.storyboard;
			sourceTree = "<group>";
		};
/* End PBXVariantGroup section */

/* Begin XCBuildConfiguration section */
		BEC361011D78E6C9000A4E2A /* Debug */ = {
			isa = XCBuildConfiguration;
			buildSettings = {
				ALWAYS_SEARCH_USER_PATHS = NO;
				CLANG_ANALYZER_NONNULL = YES;
				CLANG_CXX_LANGUAGE_STANDARD = "gnu++0x";
				CLANG_CXX_LIBRARY = "libc++";
				CLANG_ENABLE_MODULES = YES;
				CLANG_ENABLE_OBJC_ARC = YES;
				CLANG_WARN_BOOL_CONVERSION = YES;
				CLANG_WARN_CONSTANT_CONVERSION = YES;
				CLANG_WARN_DIRECT_OBJC_ISA_USAGE = YES_ERROR;
				CLANG_WARN_DOCUMENTATION_COMMENTS = YES;
				CLANG_WARN_EMPTY_BODY = YES;
				CLANG_WARN_ENUM_CONVERSION = YES;
				CLANG_WARN_INFINITE_RECURSION = YES;
				CLANG_WARN_INT_CONVERSION = YES;
				CLANG_WARN_OBJC_ROOT_CLASS = YES_ERROR;
				CLANG_WARN_SUSPICIOUS_MOVES = YES;
				CLANG_WARN_UNREACHABLE_CODE = YES;
				CLANG_WARN__DUPLICATE_METHOD_MATCH = YES;
				"CODE_SIGN_IDENTITY[sdk=iphoneos*]" = "iPhone Developer";
				COPY_PHASE_STRIP = NO;
				DEBUG_INFORMATION_FORMAT = dwarf;
				ENABLE_STRICT_OBJC_MSGSEND = YES;
				ENABLE_TESTABILITY = YES;
				GCC_C_LANGUAGE_STANDARD = gnu99;
				GCC_DYNAMIC_NO_PIC = NO;
				GCC_NO_COMMON_BLOCKS = YES;
				GCC_OPTIMIZATION_LEVEL = 0;
				GCC_PREPROCESSOR_DEFINITIONS = (
					"DEBUG=1",
					"$(inherited)",
				);
				GCC_WARN_64_TO_32_BIT_CONVERSION = YES;
				GCC_WARN_ABOUT_RETURN_TYPE = YES_ERROR;
				GCC_WARN_UNDECLARED_SELECTOR = YES;
				GCC_WARN_UNINITIALIZED_AUTOS = YES_AGGRESSIVE;
				GCC_WARN_UNUSED_FUNCTION = YES;
				GCC_WARN_UNUSED_VARIABLE = YES;
				IPHONEOS_DEPLOYMENT_TARGET = 10.0;
				MTL_ENABLE_DEBUG_INFO = YES;
				ONLY_ACTIVE_ARCH = YES;
				SDKROOT = iphoneos;
				SWIFT_ACTIVE_COMPILATION_CONDITIONS = DEBUG;
				SWIFT_OPTIMIZATION_LEVEL = "-Onone";
				TARGETED_DEVICE_FAMILY = "1,2";
			};
			name = Debug;
		};
		BEC361021D78E6C9000A4E2A /* Release */ = {
			isa = XCBuildConfiguration;
			buildSettings = {
				ALWAYS_SEARCH_USER_PATHS = NO;
				CLANG_ANALYZER_NONNULL = YES;
				CLANG_CXX_LANGUAGE_STANDARD = "gnu++0x";
				CLANG_CXX_LIBRARY = "libc++";
				CLANG_ENABLE_MODULES = YES;
				CLANG_ENABLE_OBJC_ARC = YES;
				CLANG_WARN_BOOL_CONVERSION = YES;
				CLANG_WARN_CONSTANT_CONVERSION = YES;
				CLANG_WARN_DIRECT_OBJC_ISA_USAGE = YES_ERROR;
				CLANG_WARN_DOCUMENTATION_COMMENTS = YES;
				CLANG_WARN_EMPTY_BODY = YES;
				CLANG_WARN_ENUM_CONVERSION = YES;
				CLANG_WARN_INFINITE_RECURSION = YES;
				CLANG_WARN_INT_CONVERSION = YES;
				CLANG_WARN_OBJC_ROOT_CLASS = YES_ERROR;
				CLANG_WARN_SUSPICIOUS_MOVES = YES;
				CLANG_WARN_UNREACHABLE_CODE = YES;
				CLANG_WARN__DUPLICATE_METHOD_MATCH = YES;
				"CODE_SIGN_IDENTITY[sdk=iphoneos*]" = "iPhone Developer";
				COPY_PHASE_STRIP = NO;
				DEBUG_INFORMATION_FORMAT = "dwarf-with-dsym";
				ENABLE_NS_ASSERTIONS = NO;
				ENABLE_STRICT_OBJC_MSGSEND = YES;
				GCC_C_LANGUAGE_STANDARD = gnu99;
				GCC_NO_COMMON_BLOCKS = YES;
				GCC_WARN_64_TO_32_BIT_CONVERSION = YES;
				GCC_WARN_ABOUT_RETURN_TYPE = YES_ERROR;
				GCC_WARN_UNDECLARED_SELECTOR = YES;
				GCC_WARN_UNINITIALIZED_AUTOS = YES_AGGRESSIVE;
				GCC_WARN_UNUSED_FUNCTION = YES;
				GCC_WARN_UNUSED_VARIABLE = YES;
				IPHONEOS_DEPLOYMENT_TARGET = 10.0;
				MTL_ENABLE_DEBUG_INFO = NO;
				SDKROOT = iphoneos;
				SWIFT_OPTIMIZATION_LEVEL = "-Owholemodule";
				TARGETED_DEVICE_FAMILY = "1,2";
				VALIDATE_PRODUCT = YES;
			};
			name = Release;
		};
		BEC361041D78E6C9000A4E2A /* Debug */ = {
			isa = XCBuildConfiguration;
			buildSettings = {
				ASSETCATALOG_COMPILER_APPICON_NAME = AppIcon;
				INFOPLIST_FILE = SoundBoard/Info.plist;
				LD_RUNPATH_SEARCH_PATHS = "$(inherited) @executable_path/Frameworks";
				PRODUCT_BUNDLE_IDENTIFIER = lu.lichtverbunden.SoundBoard;
				PRODUCT_NAME = "$(TARGET_NAME)";
				SWIFT_VERSION = 3.0;
			};
			name = Debug;
		};
		BEC361051D78E6C9000A4E2A /* Release */ = {
			isa = XCBuildConfiguration;
			buildSettings = {
				ASSETCATALOG_COMPILER_APPICON_NAME = AppIcon;
				INFOPLIST_FILE = SoundBoard/Info.plist;
				LD_RUNPATH_SEARCH_PATHS = "$(inherited) @executable_path/Frameworks";
				PRODUCT_BUNDLE_IDENTIFIER = lu.lichtverbunden.SoundBoard;
				PRODUCT_NAME = "$(TARGET_NAME)";
				SWIFT_VERSION = 3.0;
			};
			name = Release;
		};
/* End XCBuildConfiguration section */

/* Begin XCConfigurationList section */
		BEC360E91D78E6C7000A4E2A /* Build configuration list for PBXProject "SoundBoard" */ = {
			isa = XCConfigurationList;
			buildConfigurations = (
				BEC361011D78E6C9000A4E2A /* Debug */,
				BEC361021D78E6C9000A4E2A /* Release */,
			);
			defaultConfigurationIsVisible = 0;
			defaultConfigurationName = Release;
		};
		BEC361031D78E6C9000A4E2A /* Build configuration list for PBXNativeTarget "SoundBoard" */ = {
			isa = XCConfigurationList;
			buildConfigurations = (
				BEC361041D78E6C9000A4E2A /* Debug */,
				BEC361051D78E6C9000A4E2A /* Release */,
			);
			defaultConfigurationIsVisible = 0;
			defaultConfigurationName = Release;
		};
/* End XCConfigurationList section */

/* Begin XCVersionGroup section */
		BEC360F81D78E6C9000A4E2A /* SoundBoard.xcdatamodeld */ = {
			isa = XCVersionGroup;
			children = (
				BEC360F91D78E6C9000A4E2A /* SoundBoard.xcdatamodel */,
			);
			currentVersion = BEC360F91D78E6C9000A4E2A /* SoundBoard.xcdatamodel */;
			path = SoundBoard.xcdatamodeld;
			sourceTree = "<group>";
			versionGroupType = wrapper.xcdatamodel;
		};
/* End XCVersionGroup section */
	};
	rootObject = BEC360E61D78E6C7000A4E2A /* Project object */;
}
